// !$*UTF8*$!
{
	archiveVersion = 1;
	classes = {
	};
	objectVersion = 46;
	objects = {

/* Begin PBXBuildFile section */
		18432C471D43396F00E67B27 /* AppDelegate.swift in Sources */ = {isa = PBXBuildFile; fileRef = 18432C461D43396F00E67B27 /* AppDelegate.swift */; };
		18432C491D43396F00E67B27 /* ViewController.swift in Sources */ = {isa = PBXBuildFile; fileRef = 18432C481D43396F00E67B27 /* ViewController.swift */; };
		18432C4C1D43396F00E67B27 /* Main.storyboard in Resources */ = {isa = PBXBuildFile; fileRef = 18432C4A1D43396F00E67B27 /* Main.storyboard */; };
		18432C4E1D43396F00E67B27 /* Assets.xcassets in Resources */ = {isa = PBXBuildFile; fileRef = 18432C4D1D43396F00E67B27 /* Assets.xcassets */; };
		18432C511D43396F00E67B27 /* LaunchScreen.storyboard in Resources */ = {isa = PBXBuildFile; fileRef = 18432C4F1D43396F00E67B27 /* LaunchScreen.storyboard */; };
/* End PBXBuildFile section */

/* Begin PBXFileReference section */
		18432C431D43396F00E67B27 /* IOS2016.app */ = {isa = PBXFileReference; explicitFileType = wrapper.application; includeInIndex = 0; path = IOS2016.app; sourceTree = BUILT_PRODUCTS_DIR; };
		18432C461D43396F00E67B27 /* AppDelegate.swift */ = {isa = PBXFileReference; lastKnownFileType = sourcecode.swift; path = AppDelegate.swift; sourceTree = "<group>"; };
		18432C481D43396F00E67B27 /* ViewController.swift */ = {isa = PBXFileReference; lastKnownFileType = sourcecode.swift; path = ViewController.swift; sourceTree = "<group>"; };
		18432C4B1D43396F00E67B27 /* Base */ = {isa = PBXFileReference; lastKnownFileType = file.storyboard; name = Base; path = Base.lproj/Main.storyboard; sourceTree = "<group>"; };
		18432C4D1D43396F00E67B27 /* Assets.xcassets */ = {isa = PBXFileReference; lastKnownFileType = folder.assetcatalog; path = Assets.xcassets; sourceTree = "<group>"; };
		18432C501D43396F00E67B27 /* Base */ = {isa = PBXFileReference; lastKnownFileType = file.storyboard; name = Base; path = Base.lproj/LaunchScreen.storyboard; sourceTree = "<group>"; };
		18432C521D43396F00E67B27 /* Info.plist */ = {isa = PBXFileReference; lastKnownFileType = text.plist.xml; path = Info.plist; sourceTree = "<group>"; };
/* End PBXFileReference section */

/* Begin PBXFrameworksBuildPhase section */
		18432C401D43396F00E67B27 /* Frameworks */ = {
			isa = PBXFrameworksBuildPhase;
			buildActionMask = 2147483647;
			files = (
			);
			runOnlyForDeploymentPostprocessing = 0;
		};
/* End PBXFrameworksBuildPhase section */

/* Begin PBXGroup section */
		18432C3A1D43396F00E67B27 = {
			isa = PBXGroup;
			children = (
				18432C451D43396F00E67B27 /* IOS2016 */,
				18432C441D43396F00E67B27 /* Products */,
			);
			sourceTree = "<group>";
		};
		18432C441D43396F00E67B27 /* Products */ = {
			isa = PBXGroup;
			children = (
				18432C431D43396F00E67B27 /* IOS2016.app */,
			);
			name = Products;
			sourceTree = "<group>";
		};
		18432C451D43396F00E67B27 /* IOS2016 */ = {
			isa = PBXGroup;
			children = (
				18432C461D43396F00E67B27 /* AppDelegate.swift */,
				18432C481D43396F00E67B27 /* ViewController.swift */,
				18432C4A1D43396F00E67B27 /* Main.storyboard */,
				18432C4D1D43396F00E67B27 /* Assets.xcassets */,
				18432C4F1D43396F00E67B27 /* LaunchScreen.storyboard */,
				18432C521D43396F00E67B27 /* Info.plist */,
			);
			path = IOS2016;
			sourceTree = "<group>";
		};
/* End PBXGroup section */

/* Begin PBXNativeTarget section */
		18432C421D43396F00E67B27 /* IOS2016 */ = {
			isa = PBXNativeTarget;
			buildConfigurationList = 18432C551D43396F00E67B27 /* Build configuration list for PBXNativeTarget "IOS2016" */;
			buildPhases = (
				18432C3F1D43396F00E67B27 /* Sources */,
				18432C401D43396F00E67B27 /* Frameworks */,
				18432C411D43396F00E67B27 /* Resources */,
			);
			buildRules = (
			);
			dependencies = (
			);
			name = IOS2016;
			productName = IOS2016;
			productReference = 18432C431D43396F00E67B27 /* IOS2016.app */;
			productType = "com.apple.product-type.application";
		};
/* End PBXNativeTarget section */

/* Begin PBXProject section */
		18432C3B1D43396F00E67B27 /* Project object */ = {
			isa = PBXProject;
			attributes = {
				LastSwiftUpdateCheck = 0730;
				LastUpgradeCheck = 0730;
				ORGANIZATIONNAME = IOS2016;
				TargetAttributes = {
					18432C421D43396F00E67B27 = {
						CreatedOnToolsVersion = 7.3.1;
					};
				};
			};
			buildConfigurationList = 18432C3E1D43396F00E67B27 /* Build configuration list for PBXProject "IOS2016" */;
			compatibilityVersion = "Xcode 3.2";
			developmentRegion = English;
			hasScannedForEncodings = 0;
			knownRegions = (
				en,
				Base,
			);
			mainGroup = 18432C3A1D43396F00E67B27;
			productRefGroup = 18432C441D43396F00E67B27 /* Products */;
			projectDirPath = "";
			projectRoot = "";
			targets = (
				18432C421D43396F00E67B27 /* IOS2016 */,
			);
		};
/* End PBXProject section */

/* Begin PBXResourcesBuildPhase section */
		18432C411D43396F00E67B27 /* Resources */ = {
			isa = PBXResourcesBuildPhase;
			buildActionMask = 2147483647;
			files = (
				18432C511D43396F00E67B27 /* LaunchScreen.storyboard in Resources */,
				18432C4E1D43396F00E67B27 /* Assets.xcassets in Resources */,
				18432C4C1D43396F00E67B27 /* Main.storyboard in Resources */,
			);
			runOnlyForDeploymentPostprocessing = 0;
		};
/* End PBXResourcesBuildPhase section */

/* Begin PBXSourcesBuildPhase section */
		18432C3F1D43396F00E67B27 /* Sources */ = {
			isa = PBXSourcesBuildPhase;
			buildActionMask = 2147483647;
			files = (
				18432C491D43396F00E67B27 /* ViewController.swift in Sources */,
				18432C471D43396F00E67B27 /* AppDelegate.swift in Sources */,
			);
			runOnlyForDeploymentPostprocessing = 0;
		};
/* End PBXSourcesBuildPhase section */

/* Begin PBXVariantGroup section */
		18432C4A1D43396F00E67B27 /* Main.storyboard */ = {
			isa = PBXVariantGroup;
			children = (
				18432C4B1D43396F00E67B27 /* Base */,
			);
			name = Main.storyboard;
			sourceTree = "<group>";
		};
		18432C4F1D43396F00E67B27 /* LaunchScreen.storyboard */ = {
			isa = PBXVariantGroup;
			children = (
				18432C501D43396F00E67B27 /* Base */,
			);
			name = LaunchScreen.storyboard;
			sourceTree = "<group>";
		};
/* End PBXVariantGroup section */

/* Begin XCBuildConfiguration section */
		18432C531D43396F00E67B27 /* Debug */ = {
			isa = XCBuildConfiguration;
			buildSettings = {
				ALWAYS_SEARCH_USER_PATHS = NO;
				CLANG_ANALYZER_NONNULL = YES;
				CLANG_CXX_LANGUAGE_STANDARD = "gnu++0x";
				CLANG_CXX_LIBRARY = "libc++";
				CLANG_ENABLE_MODULES = YES;
				CLANG_ENABLE_OBJC_ARC = YES;
				CLANG_WARN_BOOL_CONVERSION = YES;
				CLANG_WARN_CONSTANT_CONVERSION = YES;
				CLANG_WARN_DIRECT_OBJC_ISA_USAGE = YES_ERROR;
				CLANG_WARN_EMPTY_BODY = YES;
				CLANG_WARN_ENUM_CONVERSION = YES;
				CLANG_WARN_INT_CONVERSION = YES;
				CLANG_WARN_OBJC_ROOT_CLASS = YES_ERROR;
				CLANG_WARN_UNREACHABLE_CODE = YES;
				CLANG_WARN__DUPLICATE_METHOD_MATCH = YES;
				"CODE_SIGN_IDENTITY[sdk=iphoneos*]" = "iPhone Developer";
				COPY_PHASE_STRIP = NO;
				DEBUG_INFORMATION_FORMAT = dwarf;
				ENABLE_STRICT_OBJC_MSGSEND = YES;
				ENABLE_TESTABILITY = YES;
				GCC_C_LANGUAGE_STANDARD = gnu99;
				GCC_DYNAMIC_NO_PIC = NO;
				GCC_NO_COMMON_BLOCKS = YES;
				GCC_OPTIMIZATION_LEVEL = 0;
				GCC_PREPROCESSOR_DEFINITIONS = (
					"DEBUG=1",
					"$(inherited)",
				);
				GCC_WARN_64_TO_32_BIT_CONVERSION = YES;
				GCC_WARN_ABOUT_RETURN_TYPE = YES_ERROR;
				GCC_WARN_UNDECLARED_SELECTOR = YES;
				GCC_WARN_UNINITIALIZED_AUTOS = YES_AGGRESSIVE;
				GCC_WARN_UNUSED_FUNCTION = YES;
				GCC_WARN_UNUSED_VARIABLE = YES;
				IPHONEOS_DEPLOYMENT_TARGET = 9.3;
				MTL_ENABLE_DEBUG_INFO = YES;
				ONLY_ACTIVE_ARCH = YES;
				SDKROOT = iphoneos;
				SWIFT_OPTIMIZATION_LEVEL = "-Onone";
			};
			name = Debug;
		};
		18432C541D43396F00E67B27 /* Release */ = {
			isa = XCBuildConfiguration;
			buildSettings = {
				ALWAYS_SEARCH_USER_PATHS = NO;
				CLANG_ANALYZER_NONNULL = YES;
				CLANG_CXX_LANGUAGE_STANDARD = "gnu++0x";
				CLANG_CXX_LIBRARY = "libc++";
				CLANG_ENABLE_MODULES = YES;
				CLANG_ENABLE_OBJC_ARC = YES;
				CLANG_WARN_BOOL_CONVERSION = YES;
				CLANG_WARN_CONSTANT_CONVERSION = YES;
				CLANG_WARN_DIRECT_OBJC_ISA_USAGE = YES_ERROR;
				CLANG_WARN_EMPTY_BODY = YES;
				CLANG_WARN_ENUM_CONVERSION = YES;
				CLANG_WARN_INT_CONVERSION = YES;
				CLANG_WARN_OBJC_ROOT_CLASS = YES_ERROR;
				CLANG_WARN_UNREACHABLE_CODE = YES;
				CLANG_WARN__DUPLICATE_METHOD_MATCH = YES;
				"CODE_SIGN_IDENTITY[sdk=iphoneos*]" = "iPhone Developer";
				COPY_PHASE_STRIP = NO;
				DEBUG_INFORMATION_FORMAT = "dwarf-with-dsym";
				ENABLE_NS_ASSERTIONS = NO;
				ENABLE_STRICT_OBJC_MSGSEND = YES;
				GCC_C_LANGUAGE_STANDARD = gnu99;
				GCC_NO_COMMON_BLOCKS = YES;
				GCC_WARN_64_TO_32_BIT_CONVERSION = YES;
				GCC_WARN_ABOUT_RETURN_TYPE = YES_ERROR;
				GCC_WARN_UNDECLARED_SELECTOR = YES;
				GCC_WARN_UNINITIALIZED_AUTOS = YES_AGGRESSIVE;
				GCC_WARN_UNUSED_FUNCTION = YES;
				GCC_WARN_UNUSED_VARIABLE = YES;
				IPHONEOS_DEPLOYMENT_TARGET = 9.3;
				MTL_ENABLE_DEBUG_INFO = NO;
				SDKROOT = iphoneos;
				VALIDATE_PRODUCT = YES;
			};
			name = Release;
		};
		18432C561D43396F00E67B27 /* Debug */ = {
			isa = XCBuildConfiguration;
			buildSettings = {
				ASSETCATALOG_COMPILER_APPICON_NAME = AppIcon;
				INFOPLIST_FILE = IOS2016/Info.plist;
				LD_RUNPATH_SEARCH_PATHS = "$(inherited) @executable_path/Frameworks";
				PRODUCT_BUNDLE_IDENTIFIER = com.ayadios.IOS2016;
				PRODUCT_NAME = "$(TARGET_NAME)";
			};
			name = Debug;
		};
		18432C571D43396F00E67B27 /* Release */ = {
			isa = XCBuildConfiguration;
			buildSettings = {
				ASSETCATALOG_COMPILER_APPICON_NAME = AppIcon;
				INFOPLIST_FILE = IOS2016/Info.plist;
				LD_RUNPATH_SEARCH_PATHS = "$(inherited) @executable_path/Frameworks";
				PRODUCT_BUNDLE_IDENTIFIER = com.ayadios.IOS2016;
				PRODUCT_NAME = "$(TARGET_NAME)";
			};
			name = Release;
		};
/* End XCBuildConfiguration section */

/* Begin XCConfigurationList section */
		18432C3E1D43396F00E67B27 /* Build configuration list for PBXProject "IOS2016" */ = {
			isa = XCConfigurationList;
			buildConfigurations = (
				18432C531D43396F00E67B27 /* Debug */,
				18432C541D43396F00E67B27 /* Release */,
			);
			defaultConfigurationIsVisible = 0;
			defaultConfigurationName = Release;
		};
		18432C551D43396F00E67B27 /* Build configuration list for PBXNativeTarget "IOS2016" */ = {
			isa = XCConfigurationList;
			buildConfigurations = (
				18432C561D43396F00E67B27 /* Debug */,
				18432C571D43396F00E67B27 /* Release */,
			);
			defaultConfigurationIsVisible = 0;
		};
/* End XCConfigurationList section */
	};
	rootObject = 18432C3B1D43396F00E67B27 /* Project object */;
}
